
Microsoft Visual Studio Solution File, Format Version 12.00
# Visual Studio Version 17
VisualStudioVersion = 17.6.33815.320
MinimumVisualStudioVersion = 10.0.40219.1
Project("{FAE04EC0-301F-11D3-BF4B-00C04F79EFBC}") = "Primeiro", "Primeiro\Primeiro.csproj", "{72CF82C7-110F-4D69-B303-0E3466DCCFFF}"
EndProject
Global
	GlobalSection(SolutionConfigurationPlatforms) = preSolution
		Debug|Any CPU = Debug|Any CPU
		Release|Any CPU = Release|Any CPU
	EndGlobalSection
	GlobalSection(ProjectConfigurationPlatforms) = postSolution
		{72CF82C7-110F-4D69-B303-0E3466DCCFFF}.Debug|Any CPU.ActiveCfg = Debug|Any CPU
		{72CF82C7-110F-4D69-B303-0E3466DCCFFF}.Debug|Any CPU.Build.0 = Debug|Any CPU
		{72CF82C7-110F-4D69-B303-0E3466DCCFFF}.Release|Any CPU.ActiveCfg = Release|Any CPU
		{72CF82C7-110F-4D69-B303-0E3466DCCFFF}.Release|Any CPU.Build.0 = Release|Any CPU
	EndGlobalSection
	GlobalSection(SolutionProperties) = preSolution
		HideSolutionNode = FALSE
	EndGlobalSection
	GlobalSection(ExtensibilityGlobals) = postSolution
		SolutionGuid = {34F1F8F1-6A60-4FF1-AEF5-F6F4C5EC1D1D}
	EndGlobalSection
EndGlobal
