
Microsoft Visual Studio Solution File, Format Version 12.00
# Visual Studio Version 17
VisualStudioVersion = 17.6.33815.320
MinimumVisualStudioVersion = 10.0.40219.1
Project("{FAE04EC0-301F-11D3-BF4B-00C04F79EFBC}") = "diagonal_negativos", "diagonal_negativos\diagonal_negativos.csproj", "{8B0444E7-1913-4FF6-BB8C-2B7851C4FC73}"
EndProject
Global
	GlobalSection(SolutionConfigurationPlatforms) = preSolution
		Debug|Any CPU = Debug|Any CPU
		Release|Any CPU = Release|Any CPU
	EndGlobalSection
	GlobalSection(ProjectConfigurationPlatforms) = postSolution
		{8B0444E7-1913-4FF6-BB8C-2B7851C4FC73}.Debug|Any CPU.ActiveCfg = Debug|Any CPU
		{8B0444E7-1913-4FF6-BB8C-2B7851C4FC73}.Debug|Any CPU.Build.0 = Debug|Any CPU
		{8B0444E7-1913-4FF6-BB8C-2B7851C4FC73}.Release|Any CPU.ActiveCfg = Release|Any CPU
		{8B0444E7-1913-4FF6-BB8C-2B7851C4FC73}.Release|Any CPU.Build.0 = Release|Any CPU
	EndGlobalSection
	GlobalSection(SolutionProperties) = preSolution
		HideSolutionNode = FALSE
	EndGlobalSection
	GlobalSection(ExtensibilityGlobals) = postSolution
		SolutionGuid = {D1040F40-AFF0-4DAD-A3F6-D72D56A21119}
	EndGlobalSection
EndGlobal
