
Microsoft Visual Studio Solution File, Format Version 12.00
# Visual Studio Version 17
VisualStudioVersion = 17.6.33815.320
MinimumVisualStudioVersion = 10.0.40219.1
Project("{FAE04EC0-301F-11D3-BF4B-00C04F79EFBC}") = "Retangulo", "Retangulo\Retangulo.csproj", "{29F7F1A8-555D-4298-BB5C-EE6ECC57F99D}"
EndProject
Global
	GlobalSection(SolutionConfigurationPlatforms) = preSolution
		Debug|Any CPU = Debug|Any CPU
		Release|Any CPU = Release|Any CPU
	EndGlobalSection
	GlobalSection(ProjectConfigurationPlatforms) = postSolution
		{29F7F1A8-555D-4298-BB5C-EE6ECC57F99D}.Debug|Any CPU.ActiveCfg = Debug|Any CPU
		{29F7F1A8-555D-4298-BB5C-EE6ECC57F99D}.Debug|Any CPU.Build.0 = Debug|Any CPU
		{29F7F1A8-555D-4298-BB5C-EE6ECC57F99D}.Release|Any CPU.ActiveCfg = Release|Any CPU
		{29F7F1A8-555D-4298-BB5C-EE6ECC57F99D}.Release|Any CPU.Build.0 = Release|Any CPU
	EndGlobalSection
	GlobalSection(SolutionProperties) = preSolution
		HideSolutionNode = FALSE
	EndGlobalSection
	GlobalSection(ExtensibilityGlobals) = postSolution
		SolutionGuid = {F5A119D2-E7F6-4073-8775-1219738F9F58}
	EndGlobalSection
EndGlobal
