
Microsoft Visual Studio Solution File, Format Version 12.00
# Visual Studio Version 17
VisualStudioVersion = 17.6.33815.320
MinimumVisualStudioVersion = 10.0.40219.1
Project("{FAE04EC0-301F-11D3-BF4B-00C04F79EFBC}") = "soma_impares", "soma_impares\soma_impares.csproj", "{A03552CF-3ACE-4F1C-A311-0FAC3F874C6C}"
EndProject
Global
	GlobalSection(SolutionConfigurationPlatforms) = preSolution
		Debug|Any CPU = Debug|Any CPU
		Release|Any CPU = Release|Any CPU
	EndGlobalSection
	GlobalSection(ProjectConfigurationPlatforms) = postSolution
		{A03552CF-3ACE-4F1C-A311-0FAC3F874C6C}.Debug|Any CPU.ActiveCfg = Debug|Any CPU
		{A03552CF-3ACE-4F1C-A311-0FAC3F874C6C}.Debug|Any CPU.Build.0 = Debug|Any CPU
		{A03552CF-3ACE-4F1C-A311-0FAC3F874C6C}.Release|Any CPU.ActiveCfg = Release|Any CPU
		{A03552CF-3ACE-4F1C-A311-0FAC3F874C6C}.Release|Any CPU.Build.0 = Release|Any CPU
	EndGlobalSection
	GlobalSection(SolutionProperties) = preSolution
		HideSolutionNode = FALSE
	EndGlobalSection
	GlobalSection(ExtensibilityGlobals) = postSolution
		SolutionGuid = {132FE800-6C81-4080-9577-9C464C82501D}
	EndGlobalSection
EndGlobal
